# This file is automatically @generated by Cargo.
# It is not intended for manual editing.
version = 3

[[package]]
name = "policy"
version = "0.0.0-202301.Jan.22"
dependencies = [
 "safe-regex",
 "semver",
]

[[package]]
name = "safe-proc-macro2"
version = "1.0.36"
source = "registry+https://github.com/rust-lang/crates.io-index"
checksum = "814c536dcd27acf03296c618dab7ad62d28e70abd7ba41d3f34a2ce707a2c666"
dependencies = [
 "unicode-xid",
]

[[package]]
name = "safe-quote"
version = "1.0.15"
source = "registry+https://github.com/rust-lang/crates.io-index"
checksum = "77e530f7831f3feafcd5f1aae406ac205dd998436b4007c8e80f03eca78a88f7"
dependencies = [
 "safe-proc-macro2",
]

[[package]]
name = "safe-regex"
version = "0.2.5"
source = "registry+https://github.com/rust-lang/crates.io-index"
checksum = "a15289bf322e0673d52756a18194167f2378ec1a15fe884af6e2d2cb934822b0"
dependencies = [
 "safe-regex-macro",
]

[[package]]
name = "safe-regex-compiler"
version = "0.2.5"
source = "registry+https://github.com/rust-lang/crates.io-index"
checksum = "fba76fae590a2aa665279deb1f57b5098cbace01a0c5e60e262fcf55f7c51542"
dependencies = [
 "safe-proc-macro2",
 "safe-quote",
]

[[package]]
name = "safe-regex-macro"
version = "0.2.5"
source = "registry+https://github.com/rust-lang/crates.io-index"
checksum = "96c2e96b5c03f158d1b16ba79af515137795f4ad4e8de3f790518aae91f1d127"
dependencies = [
 "safe-proc-macro2",
 "safe-regex-compiler",
]

[[package]]
name = "semver"
version = "1.0.16"
source = "registry+https://github.com/rust-lang/crates.io-index"
checksum = "58bc9567378fc7690d6b2addae4e60ac2eeea07becb2c64b9f218b53865cba2a"

[[package]]
name = "unicode-xid"
version = "0.2.4"
source = "registry+https://github.com/rust-lang/crates.io-index"
checksum = "f962df74c8c05a667b5ee8bcf162993134c104e96440b663c8daa176dc772d8c"
